
Microsoft Visual Studio Solution File, Format Version 12.00
# Visual Studio Version 16
VisualStudioVersion = 16.0.30621.155
MinimumVisualStudioVersion = 10.0.40219.1
Project("{FAE04EC0-301F-11D3-BF4B-00C04F79EFBC}") = "VILL's_Managment_Rent_System", "VILL's_Managment_Rent_System.csproj", "{1E0B84DF-CFE0-4AC7-B228-AD92A7BE9086}"
EndProject
Global
	GlobalSection(SolutionConfigurationPlatforms) = preSolution
		Debug|Any CPU = Debug|Any CPU
		Release|Any CPU = Release|Any CPU
	EndGlobalSection
	GlobalSection(ProjectConfigurationPlatforms) = postSolution
		{1E0B84DF-CFE0-4AC7-B228-AD92A7BE9086}.Debug|Any CPU.ActiveCfg = Debug|Any CPU
		{1E0B84DF-CFE0-4AC7-B228-AD92A7BE9086}.Debug|Any CPU.Build.0 = Debug|Any CPU
		{1E0B84DF-CFE0-4AC7-B228-AD92A7BE9086}.Release|Any CPU.ActiveCfg = Release|Any CPU
		{1E0B84DF-CFE0-4AC7-B228-AD92A7BE9086}.Release|Any CPU.Build.0 = Release|Any CPU
	EndGlobalSection
	GlobalSection(SolutionProperties) = preSolution
		HideSolutionNode = FALSE
	EndGlobalSection
	GlobalSection(ExtensibilityGlobals) = postSolution
		SolutionGuid = {E45BA8FD-7112-41A4-9942-97A3DF0EC326}
	EndGlobalSection
EndGlobal
